# Hashed Linux x86-64 / CPython 3.12 overlay for WMI's read-only
# anaconda/2025.12-1:pytorch-gpu base.  Torch, NumPy, Triton, CUDA, torchvision,
# and torchaudio deliberately come from the separately asserted central base.
pip==25.2 \
    --hash=sha256:6d67a2b4e7f14d8b31b8b52648866fa717f45a1eb70e83002f4331d07e953717
transformers==4.53.3 \
    --hash=sha256:5aba81c92095806b6baf12df35d756cf23b66c356975fb2a7fa9e536138d7c75
peft==0.16.0 \
    --hash=sha256:b5a2e08c053d12ddd0cf16ac7a320b2737e111943fc294d41173e72f780eeaef
accelerate==1.8.1 \
    --hash=sha256:c47b8994498875a2b1286e945bd4d20e476956056c7941d512334f4eb44ff991
safetensors==0.5.3 \
    --hash=sha256:cead1fa41fc54b1e61089fa57452e8834f798cb1dc7a09ba3524f1eb08e0317a
huggingface-hub==0.33.4 \
    --hash=sha256:09f9f4e7ca62547c70f8b82767eefadd2667f4e116acba2e3e62a5a81815a7bb
tokenizers==0.21.2 \
    --hash=sha256:fed9a4d51c395103ad24f8e7eb976811c57fbec2af9f133df471afcd922e5020
fsspec==2025.5.1 \
    --hash=sha256:24d3a2e663d5fc735ab256263c4075f374a174c3410c0b25e5bd1970bceaa462
hf-xet==1.1.5 \
    --hash=sha256:fc874b5c843e642f45fd85cda1ce599e123308ad2901ead23d3510a47ff506d1
regex==2024.11.6 \
    --hash=sha256:70b7fa6606c2881c1db9479b0eaa11ed5dfa11c8d60a474ff0e095099f39d98e
tqdm==4.67.1 \
    --hash=sha256:26445eca388f82e72884e0d580d5464cd801a3ea01e63e5601bdff9ba6a48de2
sympy==1.13.1 \
    --hash=sha256:db36cdc64bf61b9b24578b6f7bab1ecdd2452cf008f34faa33776680c26d66f8
